
Microsoft Visual Studio Solution File, Format Version 12.00
# Visual Studio Version 17
VisualStudioVersion = 17.5.33424.131
MinimumVisualStudioVersion = 10.0.40219.1
Project("{FAE04EC0-301F-11D3-BF4B-00C04F79EFBC}") = "meu-primeiro-projeto-cs", "meu-primeiro-projeto-cs\meu-primeiro-projeto-cs.csproj", "{9E75AEF8-4F51-4D34-8E9C-58E722A5FCD3}"
EndProject
Global
	GlobalSection(SolutionConfigurationPlatforms) = preSolution
		Debug|Any CPU = Debug|Any CPU
		Release|Any CPU = Release|Any CPU
	EndGlobalSection
	GlobalSection(ProjectConfigurationPlatforms) = postSolution
		{9E75AEF8-4F51-4D34-8E9C-58E722A5FCD3}.Debug|Any CPU.ActiveCfg = Debug|Any CPU
		{9E75AEF8-4F51-4D34-8E9C-58E722A5FCD3}.Debug|Any CPU.Build.0 = Debug|Any CPU
		{9E75AEF8-4F51-4D34-8E9C-58E722A5FCD3}.Release|Any CPU.ActiveCfg = Release|Any CPU
		{9E75AEF8-4F51-4D34-8E9C-58E722A5FCD3}.Release|Any CPU.Build.0 = Release|Any CPU
	EndGlobalSection
	GlobalSection(SolutionProperties) = preSolution
		HideSolutionNode = FALSE
	EndGlobalSection
	GlobalSection(ExtensibilityGlobals) = postSolution
		SolutionGuid = {E14BE871-7A26-48A6-94B5-28E037B3C665}
	EndGlobalSection
EndGlobal
